
Microsoft Visual Studio Solution File, Format Version 12.00
# Visual Studio Version 17
VisualStudioVersion = 17.14.36623.8 d17.14
MinimumVisualStudioVersion = 10.0.40219.1
Project("{FAE04EC0-301F-11D3-BF4B-00C04F79EFBC}") = "ThreadLab1", "ThreadLab1\ThreadLab1.csproj", "{48443603-EA9A-4CA1-962F-2B3E88E8C93A}"
EndProject
Global
	GlobalSection(SolutionConfigurationPlatforms) = preSolution
		Debug|Any CPU = Debug|Any CPU
		Release|Any CPU = Release|Any CPU
	EndGlobalSection
	GlobalSection(ProjectConfigurationPlatforms) = postSolution
		{48443603-EA9A-4CA1-962F-2B3E88E8C93A}.Debug|Any CPU.ActiveCfg = Debug|Any CPU
		{48443603-EA9A-4CA1-962F-2B3E88E8C93A}.Debug|Any CPU.Build.0 = Debug|Any CPU
		{48443603-EA9A-4CA1-962F-2B3E88E8C93A}.Release|Any CPU.ActiveCfg = Release|Any CPU
		{48443603-EA9A-4CA1-962F-2B3E88E8C93A}.Release|Any CPU.Build.0 = Release|Any CPU
	EndGlobalSection
	GlobalSection(SolutionProperties) = preSolution
		HideSolutionNode = FALSE
	EndGlobalSection
	GlobalSection(ExtensibilityGlobals) = postSolution
		SolutionGuid = {38FE4A6D-42D9-44B4-AD20-E33DF2208798}
	EndGlobalSection
EndGlobal
